// !$*UTF8*$!
{
	archiveVersion = 1;
	classes = {
	};
	objectVersion = 52;
	objects = {

/* Begin PBXBuildFile section */
		02025A0325893D480086A4D0 /* DartSass.framework in Frameworks */ = {isa = PBXBuildFile; fileRef = "swift-sass::DartSass::Product" /* DartSass.framework */; };
		021281DF265A8352000C7256 /* SourceMapper in Frameworks */ = {isa = PBXBuildFile; productRef = 021281DE265A8352000C7256 /* SourceMapper */; };
		021281E1265A8384000C7256 /* CompilerResults.swift in Sources */ = {isa = PBXBuildFile; fileRef = 021281E0265A8384000C7256 /* CompilerResults.swift */; };
		021281E7265BC76F000C7256 /* TestCompilerResults.swift in Sources */ = {isa = PBXBuildFile; fileRef = 021281E6265BC76F000C7256 /* TestCompilerResults.swift */; };
		0240C97926DCFE4500F9C32C /* NIOPosix in Frameworks */ = {isa = PBXBuildFile; productRef = 0240C97826DCFE4500F9C32C /* NIOPosix */; };
		0240C97B26DCFE4900F9C32C /* NIOCore in Frameworks */ = {isa = PBXBuildFile; productRef = 0240C97A26DCFE4900F9C32C /* NIOCore */; };
		02440A1625765786008F0862 /* CompilerFunction.swift in Sources */ = {isa = PBXBuildFile; fileRef = 02440A1525765786008F0862 /* CompilerFunction.swift */; };
		02440A1925765C0C008F0862 /* TestFunction.swift in Sources */ = {isa = PBXBuildFile; fileRef = 02440A1825765C0C008F0862 /* TestFunction.swift */; };
		02440A1C2576679E008F0862 /* DynamicFunction.swift in Sources */ = {isa = PBXBuildFile; fileRef = 02440A1B2576679E008F0862 /* DynamicFunction.swift */; };
		02440A1F2576B24B008F0862 /* ValueConvertible.swift in Sources */ = {isa = PBXBuildFile; fileRef = 02440A1E2576B24B008F0862 /* ValueConvertible.swift */; };
		02440A2A257957B5008F0862 /* NIOFoundationCompat in Frameworks */ = {isa = PBXBuildFile; productRef = 02440A29257957B5008F0862 /* NIOFoundationCompat */; };
		02512B5E25A8755B00CB8833 /* DartSassEmbedded.swift in Sources */ = {isa = PBXBuildFile; fileRef = 02512B5D25A8755B00CB8833 /* DartSassEmbedded.swift */; };
		025C624F255D2C9300AEA420 /* BinaryProtocol.swift in Sources */ = {isa = PBXBuildFile; fileRef = 025C624E255D2C9300AEA420 /* BinaryProtocol.swift */; };
		025C6252255D54C000AEA420 /* Errors.swift in Sources */ = {isa = PBXBuildFile; fileRef = 025C6251255D54C000AEA420 /* Errors.swift */; };
		026E4D39260E103E00E916BF /* Importers.swift in Sources */ = {isa = PBXBuildFile; fileRef = 026E4D38260E103E00E916BF /* Importers.swift */; };
		0285E828256C4C2900956F18 /* TestFunctions.swift in Sources */ = {isa = PBXBuildFile; fileRef = 0285E827256C4C2900956F18 /* TestFunctions.swift */; };
		0285E82B256D9ABB00956F18 /* List.swift in Sources */ = {isa = PBXBuildFile; fileRef = 0285E82A256D9ABB00956F18 /* List.swift */; };
		0285E82E256EDB6700956F18 /* TestList.swift in Sources */ = {isa = PBXBuildFile; fileRef = 0285E82D256EDB6700956F18 /* TestList.swift */; };
		0285E831256EE56E00956F18 /* Constants.swift in Sources */ = {isa = PBXBuildFile; fileRef = 0285E830256EE56E00956F18 /* Constants.swift */; };
		0285E834256EEE5300956F18 /* TestConstants.swift in Sources */ = {isa = PBXBuildFile; fileRef = 0285E833256EEE5300956F18 /* TestConstants.swift */; };
		0285E837256FAD9200956F18 /* FunctionTypes.swift in Sources */ = {isa = PBXBuildFile; fileRef = 0285E836256FAD9200956F18 /* FunctionTypes.swift */; };
		0285E83F256FBC2400956F18 /* Map.swift in Sources */ = {isa = PBXBuildFile; fileRef = 0285E83E256FBC2400956F18 /* Map.swift */; };
		0285E843256FCEDA00956F18 /* TestMap.swift in Sources */ = {isa = PBXBuildFile; fileRef = 0285E842256FCEDA00956F18 /* TestMap.swift */; };
		0285E8492570363E00956F18 /* Number.swift in Sources */ = {isa = PBXBuildFile; fileRef = 0285E8452570363A00956F18 /* Number.swift */; };
		0285E84C2571153900956F18 /* TestNumber.swift in Sources */ = {isa = PBXBuildFile; fileRef = 0285E84B2571153900956F18 /* TestNumber.swift */; };
		0285E84F257266D800956F18 /* Units.swift in Sources */ = {isa = PBXBuildFile; fileRef = 0285E84E257266D800956F18 /* Units.swift */; };
		0285E8532575109200956F18 /* Color.swift in Sources */ = {isa = PBXBuildFile; fileRef = 0285E8522575109200956F18 /* Color.swift */; };
		0285E85625756B1500956F18 /* TestColor.swift in Sources */ = {isa = PBXBuildFile; fileRef = 0285E85525756B1400956F18 /* TestColor.swift */; };
		0289BB2225666BA70004544A /* Sass.framework in Frameworks */ = {isa = PBXBuildFile; fileRef = 0289BB1825666B060004544A /* Sass.framework */; };
		0289BB2F25666C940004544A /* CompilerTypes.swift in Sources */ = {isa = PBXBuildFile; fileRef = 0289BB2B25666C8F0004544A /* CompilerTypes.swift */; };
		0289BB372566A62B0004544A /* TestImporters.swift in Sources */ = {isa = PBXBuildFile; fileRef = 0289BB362566A62B0004544A /* TestImporters.swift */; };
		0289BB3A2568471D0004544A /* ProtobufConversion.swift in Sources */ = {isa = PBXBuildFile; fileRef = 0289BB392568471D0004544A /* ProtobufConversion.swift */; };
		0289BB3D256BD3BE0004544A /* Value.swift in Sources */ = {isa = PBXBuildFile; fileRef = 0289BB3C256BD3BE0004544A /* Value.swift */; };
		0289BB40256BDE460004544A /* String.swift in Sources */ = {isa = PBXBuildFile; fileRef = 0289BB3F256BDE460004544A /* String.swift */; };
		0289BB4A256BEE760004544A /* TestString.swift in Sources */ = {isa = PBXBuildFile; fileRef = 0289BB49256BEE760004544A /* TestString.swift */; };
		02903F3325A73C1C0049106E /* DartSassEmbeddedMacOS.swift in Sources */ = {isa = PBXBuildFile; fileRef = 02903F3225A73C1C0049106E /* DartSassEmbeddedMacOS.swift */; };
		02903F3825A73D5A0049106E /* x64 in Resources */ = {isa = PBXBuildFile; fileRef = 02903F3725A73D5A0049106E /* x64 */; };
		02903F3C25A73DE90049106E /* DartSassEmbeddedMacOS.framework in Frameworks */ = {isa = PBXBuildFile; fileRef = 02903F2425A73AA20049106E /* DartSassEmbeddedMacOS.framework */; };
		02903F3D25A73DE90049106E /* DartSassEmbeddedMacOS.framework in Embed Frameworks */ = {isa = PBXBuildFile; fileRef = 02903F2425A73AA20049106E /* DartSassEmbeddedMacOS.framework */; settings = {ATTRIBUTES = (CodeSignOnCopy, RemoveHeadersOnCopy, ); }; };
		0291E7C8256000A400F6BE14 /* TestInterface.swift in Sources */ = {isa = PBXBuildFile; fileRef = 0291E7C7256000A400F6BE14 /* TestInterface.swift */; };
		0291E7CA2562E82F00F6BE14 /* TestCompilerErrors.swift in Sources */ = {isa = PBXBuildFile; fileRef = 0291E7C92562E82F00F6BE14 /* TestCompilerErrors.swift */; };
		029B4F8E257E569D00A768D2 /* TestResetShutdown.swift in Sources */ = {isa = PBXBuildFile; fileRef = 029B4F8D257E569D00A768D2 /* TestResetShutdown.swift */; };
		029B4F91257E578600A768D2 /* TestProtocolErrors.swift in Sources */ = {isa = PBXBuildFile; fileRef = 029B4F90257E578600A768D2 /* TestProtocolErrors.swift */; };
		029B4F94258005C000A768D2 /* NIO+Extras.swift in Sources */ = {isa = PBXBuildFile; fileRef = 029B4F93258005C000A768D2 /* NIO+Extras.swift */; };
		02A1A96F25B5AAEA0045E28F /* CompilerRequests.swift in Sources */ = {isa = PBXBuildFile; fileRef = 02A1A96E25B5AAEA0045E28F /* CompilerRequests.swift */; };
		02A1A97A25B70A8B0045E28F /* Versions.swift in Sources */ = {isa = PBXBuildFile; fileRef = 02A1A97925B70A8B0045E28F /* Versions.swift */; };
		02A1A99125B774420045E28F /* Semver in Frameworks */ = {isa = PBXBuildFile; productRef = 02A1A99025B774420045E28F /* Semver */; };
		02A1A9A125B99C650045E28F /* TestVersions.swift in Sources */ = {isa = PBXBuildFile; fileRef = 02A1A99525B99C560045E28F /* TestVersions.swift */; };
		02A346E9257AAE3D00A14905 /* Logging in Frameworks */ = {isa = PBXBuildFile; productRef = 02A346E8257AAE3D00A14905 /* Logging */; };
		02A3BC0125800D0600BBF99E /* CompilerWork.swift in Sources */ = {isa = PBXBuildFile; fileRef = 02A3BC0025800D0600BBF99E /* CompilerWork.swift */; };
		02A3BC052581600700BBF99E /* AsyncFunctionTypes.swift in Sources */ = {isa = PBXBuildFile; fileRef = 02A3BC042581600700BBF99E /* AsyncFunctionTypes.swift */; };
		02A3BC0F2585314200BBF99E /* ssassc.swift in Sources */ = {isa = PBXBuildFile; fileRef = 02A3BC0E2585314200BBF99E /* ssassc.swift */; };
		02A3BC172585329C00BBF99E /* DartSass.framework in Frameworks */ = {isa = PBXBuildFile; fileRef = "swift-sass::DartSass::Product" /* DartSass.framework */; };
		02CEF36F270F569A007DBDB7 /* Calculation.swift in Sources */ = {isa = PBXBuildFile; fileRef = 02CEF36E270F569A007DBDB7 /* Calculation.swift */; };
		02CEF371270F5806007DBDB7 /* TestCalculation.swift in Sources */ = {isa = PBXBuildFile; fileRef = 02CEF370270F5806007DBDB7 /* TestCalculation.swift */; };
		02CEF373271455B6007DBDB7 /* ProtobufValueConversion.swift in Sources */ = {isa = PBXBuildFile; fileRef = 02CEF372271455B6007DBDB7 /* ProtobufValueConversion.swift */; };
		02D1B25026C7D377006B2CB1 /* ArgumentList.swift in Sources */ = {isa = PBXBuildFile; fileRef = 02D1B24F26C7D377006B2CB1 /* ArgumentList.swift */; };
		02E0ED7F2586172C0080E954 /* SwiftProtobuf in Frameworks */ = {isa = PBXBuildFile; productRef = 02E0ED7E2586172C0080E954 /* SwiftProtobuf */; };
		02EB2AF3289BD07800DA44BE /* Atomics in Frameworks */ = {isa = PBXBuildFile; productRef = 02EB2AF2289BD07800DA44BE /* Atomics */; };
		OBJ_118 /* Exec.swift in Sources */ = {isa = PBXBuildFile; fileRef = OBJ_9 /* Exec.swift */; };
		OBJ_119 /* Compiler.swift in Sources */ = {isa = PBXBuildFile; fileRef = OBJ_10 /* Compiler.swift */; };
		OBJ_120 /* embedded_sass.pb.swift in Sources */ = {isa = PBXBuildFile; fileRef = OBJ_11 /* embedded_sass.pb.swift */; };
		OBJ_131 /* TestUtils.swift in Sources */ = {isa = PBXBuildFile; fileRef = OBJ_15 /* TestUtils.swift */; };
/* End PBXBuildFile section */

/* Begin PBXContainerItemProxy section */
		025C61F7255C154800AEA420 /* PBXContainerItemProxy */ = {
			isa = PBXContainerItemProxy;
			containerPortal = OBJ_1 /* Project object */;
			proxyType = 1;
			remoteGlobalIDString = "swift-sass::DartSass";
			remoteInfo = DartSass;
		};
		0289BB2425666BA70004544A /* PBXContainerItemProxy */ = {
			isa = PBXContainerItemProxy;
			containerPortal = OBJ_1 /* Project object */;
			proxyType = 1;
			remoteGlobalIDString = 0289BB1725666B060004544A;
			remoteInfo = Sass;
		};
		02903F3E25A73DE90049106E /* PBXContainerItemProxy */ = {
			isa = PBXContainerItemProxy;
			containerPortal = OBJ_1 /* Project object */;
			proxyType = 1;
			remoteGlobalIDString = 02903F2325A73AA20049106E;
			remoteInfo = DartSassEmbeddedMacOS;
		};
/* End PBXContainerItemProxy section */

/* Begin PBXCopyFilesBuildPhase section */
		025C623A255C17AA00AEA420 /* Embed Frameworks */ = {
			isa = PBXCopyFilesBuildPhase;
			buildActionMask = 2147483647;
			dstPath = "";
			dstSubfolderSpec = 10;
			files = (
				02903F3D25A73DE90049106E /* DartSassEmbeddedMacOS.framework in Embed Frameworks */,
			);
			name = "Embed Frameworks";
			runOnlyForDeploymentPostprocessing = 0;
		};
		025C6242255C19E500AEA420 /* CopyFiles */ = {
			isa = PBXCopyFilesBuildPhase;
			buildActionMask = 2147483647;
			dstPath = "";
			dstSubfolderSpec = 10;
			files = (
			);
			runOnlyForDeploymentPostprocessing = 0;
		};
		02A3BC0A2585314200BBF99E /* CopyFiles */ = {
			isa = PBXCopyFilesBuildPhase;
			buildActionMask = 2147483647;
			dstPath = /usr/share/man/man1/;
			dstSubfolderSpec = 0;
			files = (
			);
			runOnlyForDeploymentPostprocessing = 1;
		};
/* End PBXCopyFilesBuildPhase section */

/* Begin PBXFileReference section */
		021281E0265A8384000C7256 /* CompilerResults.swift */ = {isa = PBXFileReference; lastKnownFileType = sourcecode.swift; path = CompilerResults.swift; sourceTree = "<group>"; };
		021281E6265BC76F000C7256 /* TestCompilerResults.swift */ = {isa = PBXFileReference; lastKnownFileType = sourcecode.swift; path = TestCompilerResults.swift; sourceTree = "<group>"; };
		02440A1525765786008F0862 /* CompilerFunction.swift */ = {isa = PBXFileReference; lastKnownFileType = sourcecode.swift; path = CompilerFunction.swift; sourceTree = "<group>"; };
		02440A1825765C0C008F0862 /* TestFunction.swift */ = {isa = PBXFileReference; lastKnownFileType = sourcecode.swift; path = TestFunction.swift; sourceTree = "<group>"; };
		02440A1B2576679E008F0862 /* DynamicFunction.swift */ = {isa = PBXFileReference; lastKnownFileType = sourcecode.swift; path = DynamicFunction.swift; sourceTree = "<group>"; };
		02440A1E2576B24B008F0862 /* ValueConvertible.swift */ = {isa = PBXFileReference; lastKnownFileType = sourcecode.swift; path = ValueConvertible.swift; sourceTree = "<group>"; };
		02512B5925A7418B00CB8833 /* DartSassEmbeddedLinux.swift */ = {isa = PBXFileReference; lastKnownFileType = sourcecode.swift; path = DartSassEmbeddedLinux.swift; sourceTree = "<group>"; };
		02512B5D25A8755B00CB8833 /* DartSassEmbedded.swift */ = {isa = PBXFileReference; lastKnownFileType = sourcecode.swift; path = DartSassEmbedded.swift; sourceTree = "<group>"; };
		025C624E255D2C9300AEA420 /* BinaryProtocol.swift */ = {isa = PBXFileReference; lastKnownFileType = sourcecode.swift; path = BinaryProtocol.swift; sourceTree = "<group>"; };
		025C6251255D54C000AEA420 /* Errors.swift */ = {isa = PBXFileReference; lastKnownFileType = sourcecode.swift; path = Errors.swift; sourceTree = "<group>"; };
		026E4D38260E103E00E916BF /* Importers.swift */ = {isa = PBXFileReference; lastKnownFileType = sourcecode.swift; path = Importers.swift; sourceTree = "<group>"; };
		0285E827256C4C2900956F18 /* TestFunctions.swift */ = {isa = PBXFileReference; lastKnownFileType = sourcecode.swift; path = TestFunctions.swift; sourceTree = "<group>"; };
		0285E82A256D9ABB00956F18 /* List.swift */ = {isa = PBXFileReference; lastKnownFileType = sourcecode.swift; path = List.swift; sourceTree = "<group>"; };
		0285E82D256EDB6700956F18 /* TestList.swift */ = {isa = PBXFileReference; lastKnownFileType = sourcecode.swift; path = TestList.swift; sourceTree = "<group>"; };
		0285E830256EE56E00956F18 /* Constants.swift */ = {isa = PBXFileReference; lastKnownFileType = sourcecode.swift; path = Constants.swift; sourceTree = "<group>"; };
		0285E833256EEE5300956F18 /* TestConstants.swift */ = {isa = PBXFileReference; lastKnownFileType = sourcecode.swift; path = TestConstants.swift; sourceTree = "<group>"; };
		0285E836256FAD9200956F18 /* FunctionTypes.swift */ = {isa = PBXFileReference; lastKnownFileType = sourcecode.swift; path = FunctionTypes.swift; sourceTree = "<group>"; };
		0285E83E256FBC2400956F18 /* Map.swift */ = {isa = PBXFileReference; lastKnownFileType = sourcecode.swift; path = Map.swift; sourceTree = "<group>"; };
		0285E842256FCEDA00956F18 /* TestMap.swift */ = {isa = PBXFileReference; lastKnownFileType = sourcecode.swift; path = TestMap.swift; sourceTree = "<group>"; };
		0285E8452570363A00956F18 /* Number.swift */ = {isa = PBXFileReference; lastKnownFileType = sourcecode.swift; path = Number.swift; sourceTree = "<group>"; };
		0285E84B2571153900956F18 /* TestNumber.swift */ = {isa = PBXFileReference; lastKnownFileType = sourcecode.swift; path = TestNumber.swift; sourceTree = "<group>"; };
		0285E84E257266D800956F18 /* Units.swift */ = {isa = PBXFileReference; lastKnownFileType = sourcecode.swift; path = Units.swift; sourceTree = "<group>"; };
		0285E8522575109200956F18 /* Color.swift */ = {isa = PBXFileReference; lastKnownFileType = sourcecode.swift; path = Color.swift; sourceTree = "<group>"; };
		0285E85525756B1400956F18 /* TestColor.swift */ = {isa = PBXFileReference; lastKnownFileType = sourcecode.swift; path = TestColor.swift; sourceTree = "<group>"; };
		0289BB1825666B060004544A /* Sass.framework */ = {isa = PBXFileReference; explicitFileType = wrapper.framework; includeInIndex = 0; path = Sass.framework; sourceTree = BUILT_PRODUCTS_DIR; };
		0289BB2B25666C8F0004544A /* CompilerTypes.swift */ = {isa = PBXFileReference; lastKnownFileType = sourcecode.swift; path = CompilerTypes.swift; sourceTree = "<group>"; };
		0289BB362566A62B0004544A /* TestImporters.swift */ = {isa = PBXFileReference; lastKnownFileType = sourcecode.swift; path = TestImporters.swift; sourceTree = "<group>"; };
		0289BB392568471D0004544A /* ProtobufConversion.swift */ = {isa = PBXFileReference; lastKnownFileType = sourcecode.swift; path = ProtobufConversion.swift; sourceTree = "<group>"; };
		0289BB3C256BD3BE0004544A /* Value.swift */ = {isa = PBXFileReference; lastKnownFileType = sourcecode.swift; path = Value.swift; sourceTree = "<group>"; };
		0289BB3F256BDE460004544A /* String.swift */ = {isa = PBXFileReference; lastKnownFileType = sourcecode.swift; path = String.swift; sourceTree = "<group>"; };
		0289BB49256BEE760004544A /* TestString.swift */ = {isa = PBXFileReference; fileEncoding = 4; lastKnownFileType = sourcecode.swift; path = TestString.swift; sourceTree = "<group>"; };
		02903F2425A73AA20049106E /* DartSassEmbeddedMacOS.framework */ = {isa = PBXFileReference; explicitFileType = wrapper.framework; includeInIndex = 0; path = DartSassEmbeddedMacOS.framework; sourceTree = BUILT_PRODUCTS_DIR; };
		02903F3225A73C1C0049106E /* DartSassEmbeddedMacOS.swift */ = {isa = PBXFileReference; lastKnownFileType = sourcecode.swift; path = DartSassEmbeddedMacOS.swift; sourceTree = "<group>"; };
		02903F3725A73D5A0049106E /* x64 */ = {isa = PBXFileReference; lastKnownFileType = folder; path = x64; sourceTree = "<group>"; };
		0291E7C7256000A400F6BE14 /* TestInterface.swift */ = {isa = PBXFileReference; lastKnownFileType = sourcecode.swift; path = TestInterface.swift; sourceTree = "<group>"; };
		0291E7C92562E82F00F6BE14 /* TestCompilerErrors.swift */ = {isa = PBXFileReference; lastKnownFileType = sourcecode.swift; path = TestCompilerErrors.swift; sourceTree = "<group>"; };
		029B4F8D257E569D00A768D2 /* TestResetShutdown.swift */ = {isa = PBXFileReference; lastKnownFileType = sourcecode.swift; path = TestResetShutdown.swift; sourceTree = "<group>"; };
		029B4F90257E578600A768D2 /* TestProtocolErrors.swift */ = {isa = PBXFileReference; lastKnownFileType = sourcecode.swift; path = TestProtocolErrors.swift; sourceTree = "<group>"; };
		029B4F93258005C000A768D2 /* NIO+Extras.swift */ = {isa = PBXFileReference; lastKnownFileType = sourcecode.swift; path = "NIO+Extras.swift"; sourceTree = "<group>"; };
		02A1A96E25B5AAEA0045E28F /* CompilerRequests.swift */ = {isa = PBXFileReference; lastKnownFileType = sourcecode.swift; path = CompilerRequests.swift; sourceTree = "<group>"; };
		02A1A97925B70A8B0045E28F /* Versions.swift */ = {isa = PBXFileReference; lastKnownFileType = sourcecode.swift; path = Versions.swift; sourceTree = "<group>"; };
		02A1A99525B99C560045E28F /* TestVersions.swift */ = {isa = PBXFileReference; lastKnownFileType = sourcecode.swift; path = TestVersions.swift; sourceTree = "<group>"; };
		02A3BC0025800D0600BBF99E /* CompilerWork.swift */ = {isa = PBXFileReference; lastKnownFileType = sourcecode.swift; path = CompilerWork.swift; sourceTree = "<group>"; };
		02A3BC042581600700BBF99E /* AsyncFunctionTypes.swift */ = {isa = PBXFileReference; lastKnownFileType = sourcecode.swift; path = AsyncFunctionTypes.swift; sourceTree = "<group>"; };
		02A3BC0C2585314200BBF99E /* Cli */ = {isa = PBXFileReference; explicitFileType = "compiled.mach-o.executable"; includeInIndex = 0; path = Cli; sourceTree = BUILT_PRODUCTS_DIR; };
		02A3BC0E2585314200BBF99E /* ssassc.swift */ = {isa = PBXFileReference; lastKnownFileType = sourcecode.swift; path = ssassc.swift; sourceTree = "<group>"; };
		02CEF36E270F569A007DBDB7 /* Calculation.swift */ = {isa = PBXFileReference; lastKnownFileType = sourcecode.swift; path = Calculation.swift; sourceTree = "<group>"; };
		02CEF370270F5806007DBDB7 /* TestCalculation.swift */ = {isa = PBXFileReference; lastKnownFileType = sourcecode.swift; path = TestCalculation.swift; sourceTree = "<group>"; };
		02CEF372271455B6007DBDB7 /* ProtobufValueConversion.swift */ = {isa = PBXFileReference; lastKnownFileType = sourcecode.swift; path = ProtobufValueConversion.swift; sourceTree = "<group>"; };
		02D1B24F26C7D377006B2CB1 /* ArgumentList.swift */ = {isa = PBXFileReference; fileEncoding = 4; lastKnownFileType = sourcecode.swift; path = ArgumentList.swift; sourceTree = "<group>"; };
		OBJ_10 /* Compiler.swift */ = {isa = PBXFileReference; lastKnownFileType = sourcecode.swift; path = Compiler.swift; sourceTree = "<group>"; };
		OBJ_11 /* embedded_sass.pb.swift */ = {isa = PBXFileReference; lastKnownFileType = sourcecode.swift; path = embedded_sass.pb.swift; sourceTree = "<group>"; };
		OBJ_15 /* TestUtils.swift */ = {isa = PBXFileReference; lastKnownFileType = sourcecode.swift; path = TestUtils.swift; sourceTree = "<group>"; };
		OBJ_6 /* Package.swift */ = {isa = PBXFileReference; explicitFileType = sourcecode.swift; path = Package.swift; sourceTree = "<group>"; };
		OBJ_9 /* Exec.swift */ = {isa = PBXFileReference; lastKnownFileType = sourcecode.swift; path = Exec.swift; sourceTree = "<group>"; };
		"swift-sass::DartSass::Product" /* DartSass.framework */ = {isa = PBXFileReference; explicitFileType = wrapper.framework; path = DartSass.framework; sourceTree = BUILT_PRODUCTS_DIR; };
		"swift-sass::DartSassTests::Product" /* DartSassTests.xctest */ = {isa = PBXFileReference; explicitFileType = wrapper.cfbundle; path = DartSassTests.xctest; sourceTree = BUILT_PRODUCTS_DIR; };
/* End PBXFileReference section */

/* Begin PBXFrameworksBuildPhase section */
		0289BB1525666B060004544A /* Frameworks */ = {
			isa = PBXFrameworksBuildPhase;
			buildActionMask = 2147483647;
			files = (
				021281DF265A8352000C7256 /* SourceMapper in Frameworks */,
			);
			runOnlyForDeploymentPostprocessing = 0;
		};
		02903F2125A73AA20049106E /* Frameworks */ = {
			isa = PBXFrameworksBuildPhase;
			buildActionMask = 2147483647;
			files = (
			);
			runOnlyForDeploymentPostprocessing = 0;
		};
		02A3BC092585314200BBF99E /* Frameworks */ = {
			isa = PBXFrameworksBuildPhase;
			buildActionMask = 2147483647;
			files = (
				02A3BC172585329C00BBF99E /* DartSass.framework in Frameworks */,
			);
			runOnlyForDeploymentPostprocessing = 0;
		};
		OBJ_121 /* Frameworks */ = {
			isa = PBXFrameworksBuildPhase;
			buildActionMask = 0;
			files = (
				02440A2A257957B5008F0862 /* NIOFoundationCompat in Frameworks */,
				0240C97926DCFE4500F9C32C /* NIOPosix in Frameworks */,
				02903F3C25A73DE90049106E /* DartSassEmbeddedMacOS.framework in Frameworks */,
				0240C97B26DCFE4900F9C32C /* NIOCore in Frameworks */,
				0289BB2225666BA70004544A /* Sass.framework in Frameworks */,
				02E0ED7F2586172C0080E954 /* SwiftProtobuf in Frameworks */,
				02A1A99125B774420045E28F /* Semver in Frameworks */,
				02EB2AF3289BD07800DA44BE /* Atomics in Frameworks */,
				02A346E9257AAE3D00A14905 /* Logging in Frameworks */,
			);
			runOnlyForDeploymentPostprocessing = 0;
		};
		OBJ_132 /* Frameworks */ = {
			isa = PBXFrameworksBuildPhase;
			buildActionMask = 0;
			files = (
				02025A0325893D480086A4D0 /* DartSass.framework in Frameworks */,
			);
			runOnlyForDeploymentPostprocessing = 0;
		};
/* End PBXFrameworksBuildPhase section */

/* Begin PBXGroup section */
		02512B5825A7414100CB8833 /* DartSassEmbeddedLinux */ = {
			isa = PBXGroup;
			children = (
				02512B5925A7418B00CB8833 /* DartSassEmbeddedLinux.swift */,
			);
			name = DartSassEmbeddedLinux;
			path = Sources/DartSassEmbeddedLinux;
			sourceTree = SOURCE_ROOT;
		};
		025C622E255C16FD00AEA420 /* Frameworks */ = {
			isa = PBXGroup;
			children = (
			);
			name = Frameworks;
			sourceTree = "<group>";
		};
		0289BB1925666B060004544A /* Sass */ = {
			isa = PBXGroup;
			children = (
				0289BB2B25666C8F0004544A /* CompilerTypes.swift */,
				021281E0265A8384000C7256 /* CompilerResults.swift */,
				0285E836256FAD9200956F18 /* FunctionTypes.swift */,
				0289BB3C256BD3BE0004544A /* Value.swift */,
				02440A1E2576B24B008F0862 /* ValueConvertible.swift */,
				0285E830256EE56E00956F18 /* Constants.swift */,
				0285E82A256D9ABB00956F18 /* List.swift */,
				0285E83E256FBC2400956F18 /* Map.swift */,
				0289BB3F256BDE460004544A /* String.swift */,
				0285E8452570363A00956F18 /* Number.swift */,
				0285E84E257266D800956F18 /* Units.swift */,
				0285E8522575109200956F18 /* Color.swift */,
				02440A1525765786008F0862 /* CompilerFunction.swift */,
				02440A1B2576679E008F0862 /* DynamicFunction.swift */,
				02D1B24F26C7D377006B2CB1 /* ArgumentList.swift */,
				02CEF36E270F569A007DBDB7 /* Calculation.swift */,
			);
			name = Sass;
			path = Sources/Sass;
			sourceTree = SOURCE_ROOT;
		};
		0289BB42256BEB2B0004544A /* SassTests */ = {
			isa = PBXGroup;
			children = (
				0289BB49256BEE760004544A /* TestString.swift */,
				0285E82D256EDB6700956F18 /* TestList.swift */,
				0285E842256FCEDA00956F18 /* TestMap.swift */,
				0285E833256EEE5300956F18 /* TestConstants.swift */,
				0285E84B2571153900956F18 /* TestNumber.swift */,
				0285E85525756B1400956F18 /* TestColor.swift */,
				02440A1825765C0C008F0862 /* TestFunction.swift */,
				02CEF370270F5806007DBDB7 /* TestCalculation.swift */,
				021281E6265BC76F000C7256 /* TestCompilerResults.swift */,
			);
			name = SassTests;
			path = Tests/SassTests;
			sourceTree = "<group>";
		};
		02903F2525A73AA20049106E /* DartSassEmbeddedMacOS */ = {
			isa = PBXGroup;
			children = (
				02903F3725A73D5A0049106E /* x64 */,
				02903F3225A73C1C0049106E /* DartSassEmbeddedMacOS.swift */,
			);
			name = DartSassEmbeddedMacOS;
			path = Sources/DartSassEmbeddedMacOS;
			sourceTree = SOURCE_ROOT;
		};
		02A3BC0D2585314200BBF99E /* Cli */ = {
			isa = PBXGroup;
			children = (
				02A3BC0E2585314200BBF99E /* ssassc.swift */,
			);
			name = Cli;
			path = Sources/Cli;
			sourceTree = "<group>";
		};
		OBJ_105 /* Products */ = {
			isa = PBXGroup;
			children = (
				"swift-sass::DartSass::Product" /* DartSass.framework */,
				"swift-sass::DartSassTests::Product" /* DartSassTests.xctest */,
				0289BB1825666B060004544A /* Sass.framework */,
				02A3BC0C2585314200BBF99E /* Cli */,
				02903F2425A73AA20049106E /* DartSassEmbeddedMacOS.framework */,
			);
			name = Products;
			sourceTree = BUILT_PRODUCTS_DIR;
		};
		OBJ_12 /* Tests */ = {
			isa = PBXGroup;
			children = (
				0289BB42256BEB2B0004544A /* SassTests */,
				OBJ_13 /* DartSassTests */,
			);
			name = Tests;
			sourceTree = SOURCE_ROOT;
		};
		OBJ_13 /* DartSassTests */ = {
			isa = PBXGroup;
			children = (
				0291E7C7256000A400F6BE14 /* TestInterface.swift */,
				0291E7C92562E82F00F6BE14 /* TestCompilerErrors.swift */,
				029B4F8D257E569D00A768D2 /* TestResetShutdown.swift */,
				029B4F90257E578600A768D2 /* TestProtocolErrors.swift */,
				0289BB362566A62B0004544A /* TestImporters.swift */,
				0285E827256C4C2900956F18 /* TestFunctions.swift */,
				02A1A99525B99C560045E28F /* TestVersions.swift */,
				OBJ_15 /* TestUtils.swift */,
			);
			name = DartSassTests;
			path = Tests/DartSassTests;
			sourceTree = SOURCE_ROOT;
		};
		OBJ_5 = {
			isa = PBXGroup;
			children = (
				OBJ_6 /* Package.swift */,
				OBJ_7 /* Sources */,
				OBJ_12 /* Tests */,
				02A3BC0D2585314200BBF99E /* Cli */,
				OBJ_105 /* Products */,
				025C622E255C16FD00AEA420 /* Frameworks */,
			);
			sourceTree = "<group>";
		};
		OBJ_7 /* Sources */ = {
			isa = PBXGroup;
			children = (
				0289BB1925666B060004544A /* Sass */,
				OBJ_8 /* DartSass */,
				02903F2525A73AA20049106E /* DartSassEmbeddedMacOS */,
				02512B5825A7414100CB8833 /* DartSassEmbeddedLinux */,
			);
			name = Sources;
			sourceTree = SOURCE_ROOT;
		};
		OBJ_8 /* DartSass */ = {
			isa = PBXGroup;
			children = (
				02A3BC042581600700BBF99E /* AsyncFunctionTypes.swift */,
				026E4D38260E103E00E916BF /* Importers.swift */,
				OBJ_10 /* Compiler.swift */,
				02A3BC0025800D0600BBF99E /* CompilerWork.swift */,
				02A1A96E25B5AAEA0045E28F /* CompilerRequests.swift */,
				02A1A97925B70A8B0045E28F /* Versions.swift */,
				025C624E255D2C9300AEA420 /* BinaryProtocol.swift */,
				025C6251255D54C000AEA420 /* Errors.swift */,
				OBJ_9 /* Exec.swift */,
				029B4F93258005C000A768D2 /* NIO+Extras.swift */,
				02512B5D25A8755B00CB8833 /* DartSassEmbedded.swift */,
				0289BB392568471D0004544A /* ProtobufConversion.swift */,
				02CEF372271455B6007DBDB7 /* ProtobufValueConversion.swift */,
				OBJ_11 /* embedded_sass.pb.swift */,
			);
			name = DartSass;
			path = Sources/DartSass;
			sourceTree = SOURCE_ROOT;
		};
/* End PBXGroup section */

/* Begin PBXHeadersBuildPhase section */
		02903F1F25A73AA20049106E /* Headers */ = {
			isa = PBXHeadersBuildPhase;
			buildActionMask = 2147483647;
			files = (
			);
			runOnlyForDeploymentPostprocessing = 0;
		};
/* End PBXHeadersBuildPhase section */

/* Begin PBXNativeTarget section */
		0289BB1725666B060004544A /* Sass */ = {
			isa = PBXNativeTarget;
			buildConfigurationList = 0289BB1D25666B060004544A /* Build configuration list for PBXNativeTarget "Sass" */;
			buildPhases = (
				0289BB1425666B060004544A /* Sources */,
				0289BB1525666B060004544A /* Frameworks */,
				0289BB1625666B060004544A /* Resources */,
			);
			buildRules = (
			);
			dependencies = (
			);
			name = Sass;
			packageProductDependencies = (
				021281DE265A8352000C7256 /* SourceMapper */,
			);
			productName = Sass;
			productReference = 0289BB1825666B060004544A /* Sass.framework */;
			productType = "com.apple.product-type.framework";
		};
		02903F2325A73AA20049106E /* DartSassEmbeddedMacOS */ = {
			isa = PBXNativeTarget;
			buildConfigurationList = 02903F2925A73AA20049106E /* Build configuration list for PBXNativeTarget "DartSassEmbeddedMacOS" */;
			buildPhases = (
				02903F1F25A73AA20049106E /* Headers */,
				02903F2025A73AA20049106E /* Sources */,
				02903F2125A73AA20049106E /* Frameworks */,
				02903F2225A73AA20049106E /* Resources */,
			);
			buildRules = (
			);
			dependencies = (
			);
			name = DartSassEmbeddedMacOS;
			productName = DartSassEmbeddedMacOS;
			productReference = 02903F2425A73AA20049106E /* DartSassEmbeddedMacOS.framework */;
			productType = "com.apple.product-type.framework";
		};
		02A3BC0B2585314200BBF99E /* Cli */ = {
			isa = PBXNativeTarget;
			buildConfigurationList = 02A3BC102585314200BBF99E /* Build configuration list for PBXNativeTarget "Cli" */;
			buildPhases = (
				02A3BC082585314200BBF99E /* Sources */,
				02A3BC092585314200BBF99E /* Frameworks */,
				02A3BC0A2585314200BBF99E /* CopyFiles */,
			);
			buildRules = (
			);
			dependencies = (
			);
			name = Cli;
			productName = Cli;
			productReference = 02A3BC0C2585314200BBF99E /* Cli */;
			productType = "com.apple.product-type.tool";
		};
		"swift-sass::DartSass" /* DartSass */ = {
			isa = PBXNativeTarget;
			buildConfigurationList = OBJ_114 /* Build configuration list for PBXNativeTarget "DartSass" */;
			buildPhases = (
				OBJ_117 /* Sources */,
				OBJ_121 /* Frameworks */,
				025C623A255C17AA00AEA420 /* Embed Frameworks */,
			);
			buildRules = (
			);
			dependencies = (
				0289BB2525666BA70004544A /* PBXTargetDependency */,
				02903F3F25A73DE90049106E /* PBXTargetDependency */,
			);
			name = DartSass;
			packageProductDependencies = (
				02440A29257957B5008F0862 /* NIOFoundationCompat */,
				02A346E8257AAE3D00A14905 /* Logging */,
				02E0ED7E2586172C0080E954 /* SwiftProtobuf */,
				02A1A99025B774420045E28F /* Semver */,
				0240C97826DCFE4500F9C32C /* NIOPosix */,
				0240C97A26DCFE4900F9C32C /* NIOCore */,
				02EB2AF2289BD07800DA44BE /* Atomics */,
			);
			productName = DartSass;
			productReference = "swift-sass::DartSass::Product" /* DartSass.framework */;
			productType = "com.apple.product-type.framework";
		};
		"swift-sass::DartSassTests" /* DartSassTests */ = {
			isa = PBXNativeTarget;
			buildConfigurationList = OBJ_126 /* Build configuration list for PBXNativeTarget "DartSassTests" */;
			buildPhases = (
				OBJ_129 /* Sources */,
				OBJ_132 /* Frameworks */,
				025C6242255C19E500AEA420 /* CopyFiles */,
			);
			buildRules = (
			);
			dependencies = (
				OBJ_135 /* PBXTargetDependency */,
			);
			name = DartSassTests;
			productName = DartSassTests;
			productReference = "swift-sass::DartSassTests::Product" /* DartSassTests.xctest */;
			productType = "com.apple.product-type.bundle.unit-test";
		};
/* End PBXNativeTarget section */

/* Begin PBXProject section */
		OBJ_1 /* Project object */ = {
			isa = PBXProject;
			attributes = {
				LastSwiftMigration = 9999;
				LastSwiftUpdateCheck = 1220;
				LastUpgradeCheck = 9999;
				TargetAttributes = {
					0289BB1725666B060004544A = {
						CreatedOnToolsVersion = 12.2;
						ProvisioningStyle = Manual;
					};
					02903F2325A73AA20049106E = {
						CreatedOnToolsVersion = 12.3;
						LastSwiftMigration = 1230;
					};
					02A3BC0B2585314200BBF99E = {
						CreatedOnToolsVersion = 12.2;
					};
				};
			};
			buildConfigurationList = OBJ_2 /* Build configuration list for PBXProject "swift-sass" */;
			compatibilityVersion = "Xcode 3.2";
			developmentRegion = en;
			hasScannedForEncodings = 0;
			knownRegions = (
				en,
			);
			mainGroup = OBJ_5;
			packageReferences = (
				02440A252576C7DA008F0862 /* XCRemoteSwiftPackageReference "swift-nio" */,
				02A346E7257AAE3D00A14905 /* XCRemoteSwiftPackageReference "swift-log" */,
				02E0ED79258617180080E954 /* XCRemoteSwiftPackageReference "swift-protobuf" */,
				02A1A98F25B774420045E28F /* XCRemoteSwiftPackageReference "Semver.swift" */,
				021281DD265A8352000C7256 /* XCRemoteSwiftPackageReference "SourceMapper" */,
				02EB2AF1289BD07800DA44BE /* XCRemoteSwiftPackageReference "swift-atomics" */,
			);
			productRefGroup = OBJ_105 /* Products */;
			projectDirPath = "";
			projectRoot = "";
			targets = (
				0289BB1725666B060004544A /* Sass */,
				"swift-sass::DartSass" /* DartSass */,
				"swift-sass::DartSassTests" /* DartSassTests */,
				02A3BC0B2585314200BBF99E /* Cli */,
				02903F2325A73AA20049106E /* DartSassEmbeddedMacOS */,
			);
		};
/* End PBXProject section */

/* Begin PBXResourcesBuildPhase section */
		0289BB1625666B060004544A /* Resources */ = {
			isa = PBXResourcesBuildPhase;
			buildActionMask = 2147483647;
			files = (
			);
			runOnlyForDeploymentPostprocessing = 0;
		};
		02903F2225A73AA20049106E /* Resources */ = {
			isa = PBXResourcesBuildPhase;
			buildActionMask = 2147483647;
			files = (
				02903F3825A73D5A0049106E /* x64 in Resources */,
			);
			runOnlyForDeploymentPostprocessing = 0;
		};
/* End PBXResourcesBuildPhase section */

/* Begin PBXSourcesBuildPhase section */
		0289BB1425666B060004544A /* Sources */ = {
			isa = PBXSourcesBuildPhase;
			buildActionMask = 2147483647;
			files = (
				0289BB40256BDE460004544A /* String.swift in Sources */,
				0289BB2F25666C940004544A /* CompilerTypes.swift in Sources */,
				02440A1C2576679E008F0862 /* DynamicFunction.swift in Sources */,
				0285E8532575109200956F18 /* Color.swift in Sources */,
				0285E8492570363E00956F18 /* Number.swift in Sources */,
				0285E83F256FBC2400956F18 /* Map.swift in Sources */,
				0285E837256FAD9200956F18 /* FunctionTypes.swift in Sources */,
				021281E1265A8384000C7256 /* CompilerResults.swift in Sources */,
				02440A1F2576B24B008F0862 /* ValueConvertible.swift in Sources */,
				0285E82B256D9ABB00956F18 /* List.swift in Sources */,
				0289BB3D256BD3BE0004544A /* Value.swift in Sources */,
				02CEF36F270F569A007DBDB7 /* Calculation.swift in Sources */,
				0285E84F257266D800956F18 /* Units.swift in Sources */,
				02440A1625765786008F0862 /* CompilerFunction.swift in Sources */,
				02D1B25026C7D377006B2CB1 /* ArgumentList.swift in Sources */,
				0285E831256EE56E00956F18 /* Constants.swift in Sources */,
			);
			runOnlyForDeploymentPostprocessing = 0;
		};
		02903F2025A73AA20049106E /* Sources */ = {
			isa = PBXSourcesBuildPhase;
			buildActionMask = 2147483647;
			files = (
				02903F3325A73C1C0049106E /* DartSassEmbeddedMacOS.swift in Sources */,
			);
			runOnlyForDeploymentPostprocessing = 0;
		};
		02A3BC082585314200BBF99E /* Sources */ = {
			isa = PBXSourcesBuildPhase;
			buildActionMask = 2147483647;
			files = (
				02A3BC0F2585314200BBF99E /* ssassc.swift in Sources */,
			);
			runOnlyForDeploymentPostprocessing = 0;
		};
		OBJ_117 /* Sources */ = {
			isa = PBXSourcesBuildPhase;
			buildActionMask = 0;
			files = (
				02CEF373271455B6007DBDB7 /* ProtobufValueConversion.swift in Sources */,
				OBJ_118 /* Exec.swift in Sources */,
				025C6252255D54C000AEA420 /* Errors.swift in Sources */,
				02512B5E25A8755B00CB8833 /* DartSassEmbedded.swift in Sources */,
				026E4D39260E103E00E916BF /* Importers.swift in Sources */,
				0289BB3A2568471D0004544A /* ProtobufConversion.swift in Sources */,
				02A1A96F25B5AAEA0045E28F /* CompilerRequests.swift in Sources */,
				02A3BC0125800D0600BBF99E /* CompilerWork.swift in Sources */,
				025C624F255D2C9300AEA420 /* BinaryProtocol.swift in Sources */,
				OBJ_119 /* Compiler.swift in Sources */,
				029B4F94258005C000A768D2 /* NIO+Extras.swift in Sources */,
				OBJ_120 /* embedded_sass.pb.swift in Sources */,
				02A1A97A25B70A8B0045E28F /* Versions.swift in Sources */,
				02A3BC052581600700BBF99E /* AsyncFunctionTypes.swift in Sources */,
			);
			runOnlyForDeploymentPostprocessing = 0;
		};
		OBJ_129 /* Sources */ = {
			isa = PBXSourcesBuildPhase;
			buildActionMask = 0;
			files = (
				0285E843256FCEDA00956F18 /* TestMap.swift in Sources */,
				021281E7265BC76F000C7256 /* TestCompilerResults.swift in Sources */,
				029B4F8E257E569D00A768D2 /* TestResetShutdown.swift in Sources */,
				02CEF371270F5806007DBDB7 /* TestCalculation.swift in Sources */,
				02A1A9A125B99C650045E28F /* TestVersions.swift in Sources */,
				0291E7C8256000A400F6BE14 /* TestInterface.swift in Sources */,
				0285E85625756B1500956F18 /* TestColor.swift in Sources */,
				0285E828256C4C2900956F18 /* TestFunctions.swift in Sources */,
				0289BB4A256BEE760004544A /* TestString.swift in Sources */,
				0285E84C2571153900956F18 /* TestNumber.swift in Sources */,
				0285E834256EEE5300956F18 /* TestConstants.swift in Sources */,
				02440A1925765C0C008F0862 /* TestFunction.swift in Sources */,
				OBJ_131 /* TestUtils.swift in Sources */,
				029B4F91257E578600A768D2 /* TestProtocolErrors.swift in Sources */,
				0291E7CA2562E82F00F6BE14 /* TestCompilerErrors.swift in Sources */,
				0289BB372566A62B0004544A /* TestImporters.swift in Sources */,
				0285E82E256EDB6700956F18 /* TestList.swift in Sources */,
			);
			runOnlyForDeploymentPostprocessing = 0;
		};
/* End PBXSourcesBuildPhase section */

/* Begin PBXTargetDependency section */
		0289BB2525666BA70004544A /* PBXTargetDependency */ = {
			isa = PBXTargetDependency;
			target = 0289BB1725666B060004544A /* Sass */;
			targetProxy = 0289BB2425666BA70004544A /* PBXContainerItemProxy */;
		};
		02903F3F25A73DE90049106E /* PBXTargetDependency */ = {
			isa = PBXTargetDependency;
			target = 02903F2325A73AA20049106E /* DartSassEmbeddedMacOS */;
			targetProxy = 02903F3E25A73DE90049106E /* PBXContainerItemProxy */;
		};
		OBJ_135 /* PBXTargetDependency */ = {
			isa = PBXTargetDependency;
			target = "swift-sass::DartSass" /* DartSass */;
			targetProxy = 025C61F7255C154800AEA420 /* PBXContainerItemProxy */;
		};
/* End PBXTargetDependency section */

/* Begin XCBuildConfiguration section */
		0289BB1E25666B060004544A /* Debug */ = {
			isa = XCBuildConfiguration;
			buildSettings = {
				ALWAYS_SEARCH_USER_PATHS = NO;
				CLANG_ANALYZER_NONNULL = YES;
				CLANG_ANALYZER_NUMBER_OBJECT_CONVERSION = YES_AGGRESSIVE;
				CLANG_CXX_LANGUAGE_STANDARD = "gnu++14";
				CLANG_CXX_LIBRARY = "libc++";
				CLANG_ENABLE_MODULES = YES;
				CLANG_ENABLE_OBJC_WEAK = YES;
				CLANG_WARN_BLOCK_CAPTURE_AUTORELEASING = YES;
				CLANG_WARN_BOOL_CONVERSION = YES;
				CLANG_WARN_COMMA = YES;
				CLANG_WARN_CONSTANT_CONVERSION = YES;
				CLANG_WARN_DEPRECATED_OBJC_IMPLEMENTATIONS = YES;
				CLANG_WARN_DIRECT_OBJC_ISA_USAGE = YES_ERROR;
				CLANG_WARN_DOCUMENTATION_COMMENTS = YES;
				CLANG_WARN_EMPTY_BODY = YES;
				CLANG_WARN_ENUM_CONVERSION = YES;
				CLANG_WARN_INFINITE_RECURSION = YES;
				CLANG_WARN_INT_CONVERSION = YES;
				CLANG_WARN_NON_LITERAL_NULL_CONVERSION = YES;
				CLANG_WARN_OBJC_IMPLICIT_RETAIN_SELF = YES;
				CLANG_WARN_OBJC_LITERAL_CONVERSION = YES;
				CLANG_WARN_OBJC_ROOT_CLASS = YES_ERROR;
				CLANG_WARN_QUOTED_INCLUDE_IN_FRAMEWORK_HEADER = YES;
				CLANG_WARN_RANGE_LOOP_ANALYSIS = YES;
				CLANG_WARN_STRICT_PROTOTYPES = YES;
				CLANG_WARN_SUSPICIOUS_MOVE = YES;
				CLANG_WARN_UNGUARDED_AVAILABILITY = YES_AGGRESSIVE;
				CLANG_WARN_UNREACHABLE_CODE = YES;
				CLANG_WARN__DUPLICATE_METHOD_MATCH = YES;
				CODE_SIGN_STYLE = Manual;
				COMBINE_HIDPI_IMAGES = YES;
				DEFINES_MODULE = YES;
				DEVELOPMENT_TEAM = "";
				DYLIB_COMPATIBILITY_VERSION = 1;
				DYLIB_CURRENT_VERSION = 1;
				DYLIB_INSTALL_NAME_BASE = "@rpath";
				ENABLE_STRICT_OBJC_MSGSEND = YES;
				ENABLE_TESTABILITY = YES;
				GCC_C_LANGUAGE_STANDARD = gnu11;
				GCC_DYNAMIC_NO_PIC = NO;
				GCC_NO_COMMON_BLOCKS = YES;
				GCC_PREPROCESSOR_DEFINITIONS = (
					"DEBUG=1",
					"$(inherited)",
				);
				GCC_WARN_64_TO_32_BIT_CONVERSION = YES;
				GCC_WARN_ABOUT_RETURN_TYPE = YES_ERROR;
				GCC_WARN_UNDECLARED_SELECTOR = YES;
				GCC_WARN_UNINITIALIZED_AUTOS = YES_AGGRESSIVE;
				GCC_WARN_UNUSED_FUNCTION = YES;
				GCC_WARN_UNUSED_VARIABLE = YES;
				INFOPLIST_FILE = "swift-sass.xcodeproj/Sass_Info.plist";
				INSTALL_PATH = "$(LOCAL_LIBRARY_DIR)/Frameworks";
				LD_RUNPATH_SEARCH_PATHS = (
					"$(inherited)",
					"@executable_path/../Frameworks",
					"@loader_path/Frameworks",
				);
				MACOSX_DEPLOYMENT_TARGET = 11.0;
				MARKETING_VERSION = 1.0;
				MTL_ENABLE_DEBUG_INFO = INCLUDE_SOURCE;
				MTL_FAST_MATH = YES;
				PRODUCT_BUNDLE_IDENTIFIER = Sass;
				PRODUCT_NAME = "$(TARGET_NAME:c99extidentifier)";
				PROVISIONING_PROFILE_SPECIFIER = "";
				SKIP_INSTALL = YES;
				SUPPORTED_PLATFORMS = macosx;
				SWIFT_ACTIVE_COMPILATION_CONDITIONS = DEBUG;
				SWIFT_VERSION = 5.0;
				VERSIONING_SYSTEM = "apple-generic";
				VERSION_INFO_PREFIX = "";
			};
			name = Debug;
		};
		0289BB1F25666B060004544A /* Release */ = {
			isa = XCBuildConfiguration;
			buildSettings = {
				ALWAYS_SEARCH_USER_PATHS = NO;
				CLANG_ANALYZER_NONNULL = YES;
				CLANG_ANALYZER_NUMBER_OBJECT_CONVERSION = YES_AGGRESSIVE;
				CLANG_CXX_LANGUAGE_STANDARD = "gnu++14";
				CLANG_CXX_LIBRARY = "libc++";
				CLANG_ENABLE_MODULES = YES;
				CLANG_ENABLE_OBJC_WEAK = YES;
				CLANG_WARN_BLOCK_CAPTURE_AUTORELEASING = YES;
				CLANG_WARN_BOOL_CONVERSION = YES;
				CLANG_WARN_COMMA = YES;
				CLANG_WARN_CONSTANT_CONVERSION = YES;
				CLANG_WARN_DEPRECATED_OBJC_IMPLEMENTATIONS = YES;
				CLANG_WARN_DIRECT_OBJC_ISA_USAGE = YES_ERROR;
				CLANG_WARN_DOCUMENTATION_COMMENTS = YES;
				CLANG_WARN_EMPTY_BODY = YES;
				CLANG_WARN_ENUM_CONVERSION = YES;
				CLANG_WARN_INFINITE_RECURSION = YES;
				CLANG_WARN_INT_CONVERSION = YES;
				CLANG_WARN_NON_LITERAL_NULL_CONVERSION = YES;
				CLANG_WARN_OBJC_IMPLICIT_RETAIN_SELF = YES;
				CLANG_WARN_OBJC_LITERAL_CONVERSION = YES;
				CLANG_WARN_OBJC_ROOT_CLASS = YES_ERROR;
				CLANG_WARN_QUOTED_INCLUDE_IN_FRAMEWORK_HEADER = YES;
				CLANG_WARN_RANGE_LOOP_ANALYSIS = YES;
				CLANG_WARN_STRICT_PROTOTYPES = YES;
				CLANG_WARN_SUSPICIOUS_MOVE = YES;
				CLANG_WARN_UNGUARDED_AVAILABILITY = YES_AGGRESSIVE;
				CLANG_WARN_UNREACHABLE_CODE = YES;
				CLANG_WARN__DUPLICATE_METHOD_MATCH = YES;
				CODE_SIGN_STYLE = Manual;
				COMBINE_HIDPI_IMAGES = YES;
				COPY_PHASE_STRIP = NO;
				DEFINES_MODULE = YES;
				DEVELOPMENT_TEAM = "";
				DYLIB_COMPATIBILITY_VERSION = 1;
				DYLIB_CURRENT_VERSION = 1;
				DYLIB_INSTALL_NAME_BASE = "@rpath";
				ENABLE_NS_ASSERTIONS = NO;
				ENABLE_STRICT_OBJC_MSGSEND = YES;
				GCC_C_LANGUAGE_STANDARD = gnu11;
				GCC_NO_COMMON_BLOCKS = YES;
				GCC_WARN_64_TO_32_BIT_CONVERSION = YES;
				GCC_WARN_ABOUT_RETURN_TYPE = YES_ERROR;
				GCC_WARN_UNDECLARED_SELECTOR = YES;
				GCC_WARN_UNINITIALIZED_AUTOS = YES_AGGRESSIVE;
				GCC_WARN_UNUSED_FUNCTION = YES;
				GCC_WARN_UNUSED_VARIABLE = YES;
				INFOPLIST_FILE = "swift-sass.xcodeproj/Sass_Info.plist";
				INSTALL_PATH = "$(LOCAL_LIBRARY_DIR)/Frameworks";
				LD_RUNPATH_SEARCH_PATHS = (
					"$(inherited)",
					"@executable_path/../Frameworks",
					"@loader_path/Frameworks",
				);
				MACOSX_DEPLOYMENT_TARGET = 11.0;
				MARKETING_VERSION = 1.0;
				MTL_ENABLE_DEBUG_INFO = NO;
				MTL_FAST_MATH = YES;
				PRODUCT_BUNDLE_IDENTIFIER = Sass;
				PRODUCT_NAME = "$(TARGET_NAME:c99extidentifier)";
				PROVISIONING_PROFILE_SPECIFIER = "";
				SKIP_INSTALL = YES;
				SUPPORTED_PLATFORMS = macosx;
				SWIFT_VERSION = 5.0;
				VERSIONING_SYSTEM = "apple-generic";
				VERSION_INFO_PREFIX = "";
			};
			name = Release;
		};
		02903F2A25A73AA20049106E /* Debug */ = {
			isa = XCBuildConfiguration;
			buildSettings = {
				ALWAYS_SEARCH_USER_PATHS = NO;
				CLANG_ANALYZER_NONNULL = YES;
				CLANG_ANALYZER_NUMBER_OBJECT_CONVERSION = YES_AGGRESSIVE;
				CLANG_CXX_LANGUAGE_STANDARD = "gnu++14";
				CLANG_CXX_LIBRARY = "libc++";
				CLANG_ENABLE_MODULES = YES;
				CLANG_ENABLE_OBJC_WEAK = YES;
				CLANG_WARN_BLOCK_CAPTURE_AUTORELEASING = YES;
				CLANG_WARN_BOOL_CONVERSION = YES;
				CLANG_WARN_COMMA = YES;
				CLANG_WARN_CONSTANT_CONVERSION = YES;
				CLANG_WARN_DEPRECATED_OBJC_IMPLEMENTATIONS = YES;
				CLANG_WARN_DIRECT_OBJC_ISA_USAGE = YES_ERROR;
				CLANG_WARN_DOCUMENTATION_COMMENTS = YES;
				CLANG_WARN_EMPTY_BODY = YES;
				CLANG_WARN_ENUM_CONVERSION = YES;
				CLANG_WARN_INFINITE_RECURSION = YES;
				CLANG_WARN_INT_CONVERSION = YES;
				CLANG_WARN_NON_LITERAL_NULL_CONVERSION = YES;
				CLANG_WARN_OBJC_IMPLICIT_RETAIN_SELF = YES;
				CLANG_WARN_OBJC_LITERAL_CONVERSION = YES;
				CLANG_WARN_OBJC_ROOT_CLASS = YES_ERROR;
				CLANG_WARN_QUOTED_INCLUDE_IN_FRAMEWORK_HEADER = YES;
				CLANG_WARN_RANGE_LOOP_ANALYSIS = YES;
				CLANG_WARN_STRICT_PROTOTYPES = YES;
				CLANG_WARN_SUSPICIOUS_MOVE = YES;
				CLANG_WARN_UNGUARDED_AVAILABILITY = YES_AGGRESSIVE;
				CLANG_WARN_UNREACHABLE_CODE = YES;
				CLANG_WARN__DUPLICATE_METHOD_MATCH = YES;
				CODE_SIGN_STYLE = Automatic;
				COMBINE_HIDPI_IMAGES = YES;
				CURRENT_PROJECT_VERSION = 1;
				DEFINES_MODULE = YES;
				DYLIB_COMPATIBILITY_VERSION = 1;
				DYLIB_CURRENT_VERSION = 1;
				DYLIB_INSTALL_NAME_BASE = "@rpath";
				ENABLE_STRICT_OBJC_MSGSEND = YES;
				ENABLE_TESTABILITY = YES;
				GCC_C_LANGUAGE_STANDARD = gnu11;
				GCC_DYNAMIC_NO_PIC = NO;
				GCC_NO_COMMON_BLOCKS = YES;
				GCC_PREPROCESSOR_DEFINITIONS = (
					"DEBUG=1",
					"$(inherited)",
				);
				GCC_WARN_64_TO_32_BIT_CONVERSION = YES;
				GCC_WARN_ABOUT_RETURN_TYPE = YES_ERROR;
				GCC_WARN_UNDECLARED_SELECTOR = YES;
				GCC_WARN_UNINITIALIZED_AUTOS = YES_AGGRESSIVE;
				GCC_WARN_UNUSED_FUNCTION = YES;
				GCC_WARN_UNUSED_VARIABLE = YES;
				INFOPLIST_FILE = "swift-sass.xcodeproj/DartSassEmbeddedMacOS_Info.plist";
				INSTALL_PATH = "$(LOCAL_LIBRARY_DIR)/Frameworks";
				LD_RUNPATH_SEARCH_PATHS = (
					"$(inherited)",
					"@executable_path/../Frameworks",
					"@loader_path/Frameworks",
				);
				MACOSX_DEPLOYMENT_TARGET = 11.0;
				MTL_ENABLE_DEBUG_INFO = INCLUDE_SOURCE;
				MTL_FAST_MATH = YES;
				PRODUCT_BUNDLE_IDENTIFIER = DartSassEmbeddedMacOS;
				PRODUCT_NAME = "$(TARGET_NAME:c99extidentifier)";
				SKIP_INSTALL = YES;
				SWIFT_ACTIVE_COMPILATION_CONDITIONS = DEBUG;
				SWIFT_OPTIMIZATION_LEVEL = "-Onone";
				SWIFT_VERSION = 5.0;
				VERSIONING_SYSTEM = "apple-generic";
				VERSION_INFO_PREFIX = "";
			};
			name = Debug;
		};
		02903F2B25A73AA20049106E /* Release */ = {
			isa = XCBuildConfiguration;
			buildSettings = {
				ALWAYS_SEARCH_USER_PATHS = NO;
				CLANG_ANALYZER_NONNULL = YES;
				CLANG_ANALYZER_NUMBER_OBJECT_CONVERSION = YES_AGGRESSIVE;
				CLANG_CXX_LANGUAGE_STANDARD = "gnu++14";
				CLANG_CXX_LIBRARY = "libc++";
				CLANG_ENABLE_MODULES = YES;
				CLANG_ENABLE_OBJC_WEAK = YES;
				CLANG_WARN_BLOCK_CAPTURE_AUTORELEASING = YES;
				CLANG_WARN_BOOL_CONVERSION = YES;
				CLANG_WARN_COMMA = YES;
				CLANG_WARN_CONSTANT_CONVERSION = YES;
				CLANG_WARN_DEPRECATED_OBJC_IMPLEMENTATIONS = YES;
				CLANG_WARN_DIRECT_OBJC_ISA_USAGE = YES_ERROR;
				CLANG_WARN_DOCUMENTATION_COMMENTS = YES;
				CLANG_WARN_EMPTY_BODY = YES;
				CLANG_WARN_ENUM_CONVERSION = YES;
				CLANG_WARN_INFINITE_RECURSION = YES;
				CLANG_WARN_INT_CONVERSION = YES;
				CLANG_WARN_NON_LITERAL_NULL_CONVERSION = YES;
				CLANG_WARN_OBJC_IMPLICIT_RETAIN_SELF = YES;
				CLANG_WARN_OBJC_LITERAL_CONVERSION = YES;
				CLANG_WARN_OBJC_ROOT_CLASS = YES_ERROR;
				CLANG_WARN_QUOTED_INCLUDE_IN_FRAMEWORK_HEADER = YES;
				CLANG_WARN_RANGE_LOOP_ANALYSIS = YES;
				CLANG_WARN_STRICT_PROTOTYPES = YES;
				CLANG_WARN_SUSPICIOUS_MOVE = YES;
				CLANG_WARN_UNGUARDED_AVAILABILITY = YES_AGGRESSIVE;
				CLANG_WARN_UNREACHABLE_CODE = YES;
				CLANG_WARN__DUPLICATE_METHOD_MATCH = YES;
				CODE_SIGN_STYLE = Automatic;
				COMBINE_HIDPI_IMAGES = YES;
				COPY_PHASE_STRIP = NO;
				CURRENT_PROJECT_VERSION = 1;
				DEFINES_MODULE = YES;
				DYLIB_COMPATIBILITY_VERSION = 1;
				DYLIB_CURRENT_VERSION = 1;
				DYLIB_INSTALL_NAME_BASE = "@rpath";
				ENABLE_NS_ASSERTIONS = NO;
				ENABLE_STRICT_OBJC_MSGSEND = YES;
				GCC_C_LANGUAGE_STANDARD = gnu11;
				GCC_NO_COMMON_BLOCKS = YES;
				GCC_WARN_64_TO_32_BIT_CONVERSION = YES;
				GCC_WARN_ABOUT_RETURN_TYPE = YES_ERROR;
				GCC_WARN_UNDECLARED_SELECTOR = YES;
				GCC_WARN_UNINITIALIZED_AUTOS = YES_AGGRESSIVE;
				GCC_WARN_UNUSED_FUNCTION = YES;
				GCC_WARN_UNUSED_VARIABLE = YES;
				INFOPLIST_FILE = "swift-sass.xcodeproj/DartSassEmbeddedMacOS_Info.plist";
				INSTALL_PATH = "$(LOCAL_LIBRARY_DIR)/Frameworks";
				LD_RUNPATH_SEARCH_PATHS = (
					"$(inherited)",
					"@executable_path/../Frameworks",
					"@loader_path/Frameworks",
				);
				MACOSX_DEPLOYMENT_TARGET = 11.0;
				MTL_ENABLE_DEBUG_INFO = NO;
				MTL_FAST_MATH = YES;
				PRODUCT_BUNDLE_IDENTIFIER = DartSassEmbeddedMacOS;
				PRODUCT_NAME = "$(TARGET_NAME:c99extidentifier)";
				SKIP_INSTALL = YES;
				SWIFT_VERSION = 5.0;
				VERSIONING_SYSTEM = "apple-generic";
				VERSION_INFO_PREFIX = "";
			};
			name = Release;
		};
		02A3BC112585314200BBF99E /* Debug */ = {
			isa = XCBuildConfiguration;
			buildSettings = {
				ALWAYS_SEARCH_USER_PATHS = NO;
				CLANG_ANALYZER_NONNULL = YES;
				CLANG_ANALYZER_NUMBER_OBJECT_CONVERSION = YES_AGGRESSIVE;
				CLANG_CXX_LANGUAGE_STANDARD = "gnu++14";
				CLANG_CXX_LIBRARY = "libc++";
				CLANG_ENABLE_MODULES = YES;
				CLANG_ENABLE_OBJC_WEAK = YES;
				CLANG_WARN_BLOCK_CAPTURE_AUTORELEASING = YES;
				CLANG_WARN_BOOL_CONVERSION = YES;
				CLANG_WARN_COMMA = YES;
				CLANG_WARN_CONSTANT_CONVERSION = YES;
				CLANG_WARN_DEPRECATED_OBJC_IMPLEMENTATIONS = YES;
				CLANG_WARN_DIRECT_OBJC_ISA_USAGE = YES_ERROR;
				CLANG_WARN_DOCUMENTATION_COMMENTS = YES;
				CLANG_WARN_EMPTY_BODY = YES;
				CLANG_WARN_ENUM_CONVERSION = YES;
				CLANG_WARN_INFINITE_RECURSION = YES;
				CLANG_WARN_INT_CONVERSION = YES;
				CLANG_WARN_NON_LITERAL_NULL_CONVERSION = YES;
				CLANG_WARN_OBJC_IMPLICIT_RETAIN_SELF = YES;
				CLANG_WARN_OBJC_LITERAL_CONVERSION = YES;
				CLANG_WARN_OBJC_ROOT_CLASS = YES_ERROR;
				CLANG_WARN_QUOTED_INCLUDE_IN_FRAMEWORK_HEADER = YES;
				CLANG_WARN_RANGE_LOOP_ANALYSIS = YES;
				CLANG_WARN_STRICT_PROTOTYPES = YES;
				CLANG_WARN_SUSPICIOUS_MOVE = YES;
				CLANG_WARN_UNGUARDED_AVAILABILITY = YES_AGGRESSIVE;
				CLANG_WARN_UNREACHABLE_CODE = YES;
				CLANG_WARN__DUPLICATE_METHOD_MATCH = YES;
				CODE_SIGN_STYLE = Automatic;
				ENABLE_STRICT_OBJC_MSGSEND = YES;
				ENABLE_TESTABILITY = YES;
				GCC_C_LANGUAGE_STANDARD = gnu11;
				GCC_DYNAMIC_NO_PIC = NO;
				GCC_NO_COMMON_BLOCKS = YES;
				GCC_PREPROCESSOR_DEFINITIONS = (
					"DEBUG=1",
					"$(inherited)",
				);
				GCC_WARN_64_TO_32_BIT_CONVERSION = YES;
				GCC_WARN_ABOUT_RETURN_TYPE = YES_ERROR;
				GCC_WARN_UNDECLARED_SELECTOR = YES;
				GCC_WARN_UNINITIALIZED_AUTOS = YES_AGGRESSIVE;
				GCC_WARN_UNUSED_FUNCTION = YES;
				GCC_WARN_UNUSED_VARIABLE = YES;
				MTL_ENABLE_DEBUG_INFO = INCLUDE_SOURCE;
				MTL_FAST_MATH = YES;
				PRODUCT_NAME = "$(TARGET_NAME)";
				SWIFT_ACTIVE_COMPILATION_CONDITIONS = DEBUG;
				SWIFT_VERSION = 5.0;
			};
			name = Debug;
		};
		02A3BC122585314200BBF99E /* Release */ = {
			isa = XCBuildConfiguration;
			buildSettings = {
				ALWAYS_SEARCH_USER_PATHS = NO;
				CLANG_ANALYZER_NONNULL = YES;
				CLANG_ANALYZER_NUMBER_OBJECT_CONVERSION = YES_AGGRESSIVE;
				CLANG_CXX_LANGUAGE_STANDARD = "gnu++14";
				CLANG_CXX_LIBRARY = "libc++";
				CLANG_ENABLE_MODULES = YES;
				CLANG_ENABLE_OBJC_WEAK = YES;
				CLANG_WARN_BLOCK_CAPTURE_AUTORELEASING = YES;
				CLANG_WARN_BOOL_CONVERSION = YES;
				CLANG_WARN_COMMA = YES;
				CLANG_WARN_CONSTANT_CONVERSION = YES;
				CLANG_WARN_DEPRECATED_OBJC_IMPLEMENTATIONS = YES;
				CLANG_WARN_DIRECT_OBJC_ISA_USAGE = YES_ERROR;
				CLANG_WARN_DOCUMENTATION_COMMENTS = YES;
				CLANG_WARN_EMPTY_BODY = YES;
				CLANG_WARN_ENUM_CONVERSION = YES;
				CLANG_WARN_INFINITE_RECURSION = YES;
				CLANG_WARN_INT_CONVERSION = YES;
				CLANG_WARN_NON_LITERAL_NULL_CONVERSION = YES;
				CLANG_WARN_OBJC_IMPLICIT_RETAIN_SELF = YES;
				CLANG_WARN_OBJC_LITERAL_CONVERSION = YES;
				CLANG_WARN_OBJC_ROOT_CLASS = YES_ERROR;
				CLANG_WARN_QUOTED_INCLUDE_IN_FRAMEWORK_HEADER = YES;
				CLANG_WARN_RANGE_LOOP_ANALYSIS = YES;
				CLANG_WARN_STRICT_PROTOTYPES = YES;
				CLANG_WARN_SUSPICIOUS_MOVE = YES;
				CLANG_WARN_UNGUARDED_AVAILABILITY = YES_AGGRESSIVE;
				CLANG_WARN_UNREACHABLE_CODE = YES;
				CLANG_WARN__DUPLICATE_METHOD_MATCH = YES;
				CODE_SIGN_STYLE = Automatic;
				COPY_PHASE_STRIP = NO;
				ENABLE_NS_ASSERTIONS = NO;
				ENABLE_STRICT_OBJC_MSGSEND = YES;
				GCC_C_LANGUAGE_STANDARD = gnu11;
				GCC_NO_COMMON_BLOCKS = YES;
				GCC_WARN_64_TO_32_BIT_CONVERSION = YES;
				GCC_WARN_ABOUT_RETURN_TYPE = YES_ERROR;
				GCC_WARN_UNDECLARED_SELECTOR = YES;
				GCC_WARN_UNINITIALIZED_AUTOS = YES_AGGRESSIVE;
				GCC_WARN_UNUSED_FUNCTION = YES;
				GCC_WARN_UNUSED_VARIABLE = YES;
				MTL_ENABLE_DEBUG_INFO = NO;
				MTL_FAST_MATH = YES;
				PRODUCT_NAME = "$(TARGET_NAME)";
				SWIFT_VERSION = 5.0;
			};
			name = Release;
		};
		OBJ_115 /* Debug */ = {
			isa = XCBuildConfiguration;
			buildSettings = {
				ENABLE_TESTABILITY = YES;
				FRAMEWORK_SEARCH_PATHS = (
					"$(inherited)",
					"$(PLATFORM_DIR)/Developer/Library/Frameworks",
				);
				HEADER_SEARCH_PATHS = "$(inherited)";
				INFOPLIST_FILE = "swift-sass.xcodeproj/DartSass_Info.plist";
				IPHONEOS_DEPLOYMENT_TARGET = 9.0;
				LD_RUNPATH_SEARCH_PATHS = (
					"$(inherited)",
					"$(TOOLCHAIN_DIR)/usr/lib/swift/macosx",
				);
				MACOSX_DEPLOYMENT_TARGET = 11.0;
				OTHER_CFLAGS = "$(inherited)";
				OTHER_LDFLAGS = "$(inherited)";
				OTHER_SWIFT_FLAGS = "$(inherited)";
				PRODUCT_BUNDLE_IDENTIFIER = DartSass;
				PRODUCT_MODULE_NAME = "$(TARGET_NAME:c99extidentifier)";
				PRODUCT_NAME = "$(TARGET_NAME:c99extidentifier)";
				SKIP_INSTALL = YES;
				SUPPORTED_PLATFORMS = macosx;
				SWIFT_ACTIVE_COMPILATION_CONDITIONS = "$(inherited)";
				SWIFT_VERSION = 5.0;
				TARGET_NAME = DartSass;
				TVOS_DEPLOYMENT_TARGET = 9.0;
				WATCHOS_DEPLOYMENT_TARGET = 2.0;
			};
			name = Debug;
		};
		OBJ_116 /* Release */ = {
			isa = XCBuildConfiguration;
			buildSettings = {
				ENABLE_TESTABILITY = NO;
				FRAMEWORK_SEARCH_PATHS = (
					"$(inherited)",
					"$(PLATFORM_DIR)/Developer/Library/Frameworks",
				);
				HEADER_SEARCH_PATHS = "$(inherited)";
				INFOPLIST_FILE = "swift-sass.xcodeproj/DartSass_Info.plist";
				IPHONEOS_DEPLOYMENT_TARGET = 9.0;
				LD_RUNPATH_SEARCH_PATHS = (
					"$(inherited)",
					"$(TOOLCHAIN_DIR)/usr/lib/swift/macosx",
				);
				MACOSX_DEPLOYMENT_TARGET = 11.0;
				OTHER_CFLAGS = "$(inherited)";
				OTHER_LDFLAGS = "$(inherited)";
				OTHER_SWIFT_FLAGS = "$(inherited)";
				PRODUCT_BUNDLE_IDENTIFIER = DartSass;
				PRODUCT_MODULE_NAME = "$(TARGET_NAME:c99extidentifier)";
				PRODUCT_NAME = "$(TARGET_NAME:c99extidentifier)";
				SKIP_INSTALL = YES;
				SUPPORTED_PLATFORMS = macosx;
				SWIFT_ACTIVE_COMPILATION_CONDITIONS = "$(inherited)";
				SWIFT_VERSION = 5.0;
				TARGET_NAME = DartSass;
				TVOS_DEPLOYMENT_TARGET = 9.0;
				WATCHOS_DEPLOYMENT_TARGET = 2.0;
			};
			name = Release;
		};
		OBJ_127 /* Debug */ = {
			isa = XCBuildConfiguration;
			buildSettings = {
				CLANG_ENABLE_MODULES = YES;
				EMBEDDED_CONTENT_CONTAINS_SWIFT = YES;
				FRAMEWORK_SEARCH_PATHS = (
					"$(inherited)",
					"$(PLATFORM_DIR)/Developer/Library/Frameworks",
				);
				HEADER_SEARCH_PATHS = "$(inherited)";
				INFOPLIST_FILE = "swift-sass.xcodeproj/DartSassTests_Info.plist";
				IPHONEOS_DEPLOYMENT_TARGET = 14.0;
				LD_RUNPATH_SEARCH_PATHS = (
					"$(inherited)",
					"@loader_path/../Frameworks",
					"@loader_path/Frameworks",
				);
				MACOSX_DEPLOYMENT_TARGET = 11.0;
				OTHER_CFLAGS = "$(inherited)";
				OTHER_LDFLAGS = "$(inherited)";
				OTHER_SWIFT_FLAGS = "$(inherited)";
				SUPPORTED_PLATFORMS = macosx;
				SWIFT_ACTIVE_COMPILATION_CONDITIONS = "$(inherited)";
				SWIFT_VERSION = 5.0;
				TARGET_NAME = DartSassTests;
				TVOS_DEPLOYMENT_TARGET = 9.0;
				WATCHOS_DEPLOYMENT_TARGET = 2.0;
			};
			name = Debug;
		};
		OBJ_128 /* Release */ = {
			isa = XCBuildConfiguration;
			buildSettings = {
				CLANG_ENABLE_MODULES = YES;
				EMBEDDED_CONTENT_CONTAINS_SWIFT = YES;
				FRAMEWORK_SEARCH_PATHS = (
					"$(inherited)",
					"$(PLATFORM_DIR)/Developer/Library/Frameworks",
				);
				HEADER_SEARCH_PATHS = "$(inherited)";
				INFOPLIST_FILE = "swift-sass.xcodeproj/DartSassTests_Info.plist";
				IPHONEOS_DEPLOYMENT_TARGET = 14.0;
				LD_RUNPATH_SEARCH_PATHS = (
					"$(inherited)",
					"@loader_path/../Frameworks",
					"@loader_path/Frameworks",
				);
				MACOSX_DEPLOYMENT_TARGET = 11.0;
				OTHER_CFLAGS = "$(inherited)";
				OTHER_LDFLAGS = "$(inherited)";
				OTHER_SWIFT_FLAGS = "$(inherited)";
				SUPPORTED_PLATFORMS = macosx;
				SWIFT_ACTIVE_COMPILATION_CONDITIONS = "$(inherited)";
				SWIFT_VERSION = 5.0;
				TARGET_NAME = DartSassTests;
				TVOS_DEPLOYMENT_TARGET = 9.0;
				WATCHOS_DEPLOYMENT_TARGET = 2.0;
			};
			name = Release;
		};
		OBJ_3 /* Debug */ = {
			isa = XCBuildConfiguration;
			buildSettings = {
				CLANG_ENABLE_OBJC_ARC = YES;
				COMBINE_HIDPI_IMAGES = YES;
				COPY_PHASE_STRIP = NO;
				DEBUG_INFORMATION_FORMAT = dwarf;
				DYLIB_INSTALL_NAME_BASE = "@rpath";
				ENABLE_NS_ASSERTIONS = YES;
				GCC_OPTIMIZATION_LEVEL = 0;
				GCC_PREPROCESSOR_DEFINITIONS = (
					"$(inherited)",
					"SWIFT_PACKAGE=1",
					"DEBUG=1",
				);
				MACOSX_DEPLOYMENT_TARGET = 11.0;
				ONLY_ACTIVE_ARCH = YES;
				OTHER_SWIFT_FLAGS = "$(inherited) -DXcode";
				PRODUCT_NAME = "$(TARGET_NAME)";
				SDKROOT = macosx;
				SUPPORTED_PLATFORMS = "macosx iphoneos iphonesimulator appletvos appletvsimulator watchos watchsimulator";
				SWIFT_ACTIVE_COMPILATION_CONDITIONS = "$(inherited) SWIFT_PACKAGE DEBUG";
				SWIFT_OPTIMIZATION_LEVEL = "-Onone";
				USE_HEADERMAP = NO;
			};
			name = Debug;
		};
		OBJ_4 /* Release */ = {
			isa = XCBuildConfiguration;
			buildSettings = {
				CLANG_ENABLE_OBJC_ARC = YES;
				COMBINE_HIDPI_IMAGES = YES;
				COPY_PHASE_STRIP = YES;
				DEBUG_INFORMATION_FORMAT = "dwarf-with-dsym";
				DYLIB_INSTALL_NAME_BASE = "@rpath";
				GCC_OPTIMIZATION_LEVEL = s;
				GCC_PREPROCESSOR_DEFINITIONS = (
					"$(inherited)",
					"SWIFT_PACKAGE=1",
				);
				MACOSX_DEPLOYMENT_TARGET = 11.0;
				OTHER_SWIFT_FLAGS = "$(inherited) -DXcode";
				PRODUCT_NAME = "$(TARGET_NAME)";
				SDKROOT = macosx;
				SUPPORTED_PLATFORMS = "macosx iphoneos iphonesimulator appletvos appletvsimulator watchos watchsimulator";
				SWIFT_ACTIVE_COMPILATION_CONDITIONS = "$(inherited) SWIFT_PACKAGE";
				SWIFT_COMPILATION_MODE = wholemodule;
				SWIFT_OPTIMIZATION_LEVEL = "-O";
				USE_HEADERMAP = NO;
			};
			name = Release;
		};
/* End XCBuildConfiguration section */

/* Begin XCConfigurationList section */
		0289BB1D25666B060004544A /* Build configuration list for PBXNativeTarget "Sass" */ = {
			isa = XCConfigurationList;
			buildConfigurations = (
				0289BB1E25666B060004544A /* Debug */,
				0289BB1F25666B060004544A /* Release */,
			);
			defaultConfigurationIsVisible = 0;
			defaultConfigurationName = Release;
		};
		02903F2925A73AA20049106E /* Build configuration list for PBXNativeTarget "DartSassEmbeddedMacOS" */ = {
			isa = XCConfigurationList;
			buildConfigurations = (
				02903F2A25A73AA20049106E /* Debug */,
				02903F2B25A73AA20049106E /* Release */,
			);
			defaultConfigurationIsVisible = 0;
			defaultConfigurationName = Release;
		};
		02A3BC102585314200BBF99E /* Build configuration list for PBXNativeTarget "Cli" */ = {
			isa = XCConfigurationList;
			buildConfigurations = (
				02A3BC112585314200BBF99E /* Debug */,
				02A3BC122585314200BBF99E /* Release */,
			);
			defaultConfigurationIsVisible = 0;
			defaultConfigurationName = Release;
		};
		OBJ_114 /* Build configuration list for PBXNativeTarget "DartSass" */ = {
			isa = XCConfigurationList;
			buildConfigurations = (
				OBJ_115 /* Debug */,
				OBJ_116 /* Release */,
			);
			defaultConfigurationIsVisible = 0;
			defaultConfigurationName = Release;
		};
		OBJ_126 /* Build configuration list for PBXNativeTarget "DartSassTests" */ = {
			isa = XCConfigurationList;
			buildConfigurations = (
				OBJ_127 /* Debug */,
				OBJ_128 /* Release */,
			);
			defaultConfigurationIsVisible = 0;
			defaultConfigurationName = Release;
		};
		OBJ_2 /* Build configuration list for PBXProject "swift-sass" */ = {
			isa = XCConfigurationList;
			buildConfigurations = (
				OBJ_3 /* Debug */,
				OBJ_4 /* Release */,
			);
			defaultConfigurationIsVisible = 0;
			defaultConfigurationName = Release;
		};
/* End XCConfigurationList section */

/* Begin XCRemoteSwiftPackageReference section */
		021281DD265A8352000C7256 /* XCRemoteSwiftPackageReference "SourceMapper" */ = {
			isa = XCRemoteSwiftPackageReference;
			repositoryURL = "https://github.com/johnfairh/SourceMapper.git";
			requirement = {
				kind = upToNextMajorVersion;
				minimumVersion = 1.0.0;
			};
		};
		02440A252576C7DA008F0862 /* XCRemoteSwiftPackageReference "swift-nio" */ = {
			isa = XCRemoteSwiftPackageReference;
			repositoryURL = "https://github.com/apple/swift-nio.git";
			requirement = {
				kind = upToNextMajorVersion;
				minimumVersion = 2.33.0;
			};
		};
		02A1A98F25B774420045E28F /* XCRemoteSwiftPackageReference "Semver.swift" */ = {
			isa = XCRemoteSwiftPackageReference;
			repositoryURL = "https://github.com/johnfairh/Semver.swift.git";
			requirement = {
				kind = upToNextMajorVersion;
				minimumVersion = 1.2.2;
			};
		};
		02A346E7257AAE3D00A14905 /* XCRemoteSwiftPackageReference "swift-log" */ = {
			isa = XCRemoteSwiftPackageReference;
			repositoryURL = "https://github.com/apple/swift-log.git";
			requirement = {
				kind = upToNextMajorVersion;
				minimumVersion = 1.4.0;
			};
		};
		02E0ED79258617180080E954 /* XCRemoteSwiftPackageReference "swift-protobuf" */ = {
			isa = XCRemoteSwiftPackageReference;
			repositoryURL = "https://github.com/apple/swift-protobuf.git";
			requirement = {
				kind = upToNextMajorVersion;
				minimumVersion = 1.14.0;
			};
		};
		02EB2AF1289BD07800DA44BE /* XCRemoteSwiftPackageReference "swift-atomics" */ = {
			isa = XCRemoteSwiftPackageReference;
			repositoryURL = "https://github.com/apple/swift-atomics.git";
			requirement = {
				kind = upToNextMajorVersion;
				minimumVersion = 1.0.2;
			};
		};
/* End XCRemoteSwiftPackageReference section */

/* Begin XCSwiftPackageProductDependency section */
		021281DE265A8352000C7256 /* SourceMapper */ = {
			isa = XCSwiftPackageProductDependency;
			package = 021281DD265A8352000C7256 /* XCRemoteSwiftPackageReference "SourceMapper" */;
			productName = SourceMapper;
		};
		0240C97826DCFE4500F9C32C /* NIOPosix */ = {
			isa = XCSwiftPackageProductDependency;
			package = 02440A252576C7DA008F0862 /* XCRemoteSwiftPackageReference "swift-nio" */;
			productName = NIOPosix;
		};
		0240C97A26DCFE4900F9C32C /* NIOCore */ = {
			isa = XCSwiftPackageProductDependency;
			package = 02440A252576C7DA008F0862 /* XCRemoteSwiftPackageReference "swift-nio" */;
			productName = NIOCore;
		};
		02440A29257957B5008F0862 /* NIOFoundationCompat */ = {
			isa = XCSwiftPackageProductDependency;
			package = 02440A252576C7DA008F0862 /* XCRemoteSwiftPackageReference "swift-nio" */;
			productName = NIOFoundationCompat;
		};
		02A1A99025B774420045E28F /* Semver */ = {
			isa = XCSwiftPackageProductDependency;
			package = 02A1A98F25B774420045E28F /* XCRemoteSwiftPackageReference "Semver.swift" */;
			productName = Semver;
		};
		02A346E8257AAE3D00A14905 /* Logging */ = {
			isa = XCSwiftPackageProductDependency;
			package = 02A346E7257AAE3D00A14905 /* XCRemoteSwiftPackageReference "swift-log" */;
			productName = Logging;
		};
		02E0ED7E2586172C0080E954 /* SwiftProtobuf */ = {
			isa = XCSwiftPackageProductDependency;
			package = 02E0ED79258617180080E954 /* XCRemoteSwiftPackageReference "swift-protobuf" */;
			productName = SwiftProtobuf;
		};
		02EB2AF2289BD07800DA44BE /* Atomics */ = {
			isa = XCSwiftPackageProductDependency;
			package = 02EB2AF1289BD07800DA44BE /* XCRemoteSwiftPackageReference "swift-atomics" */;
			productName = Atomics;
		};
/* End XCSwiftPackageProductDependency section */
	};
	rootObject = OBJ_1 /* Project object */;
}
