{
  "object": {
    "pins": [
      {
        "package": "Semver",
        "repositoryURL": "https://github.com/johnfairh/Semver.swift.git",
        "state": {
          "branch": null,
          "revision": "0560c97720a92e03355375637b84b6f81c2d4f52",
          "version": "1.2.2"
        }
      },
      {
        "package": "swift-log",
        "repositoryURL": "https://github.com/apple/swift-log.git",
        "state": {
          "branch": null,
          "revision": "12d3a8651d32295794a850307f77407f95b8c881",
          "version": "1.4.1"
        }
      },
      {
        "package": "swift-nio",
        "repositoryURL": "https://github.com/apple/swift-nio.git",
        "state": {
          "branch": null,
          "revision": "6d3ca7e54e06a69d0f2612c2ce8bb8b7319085a4",
          "version": "2.26.0"
        }
      },
      {
        "package": "SwiftProtobuf",
        "repositoryURL": "https://github.com/apple/swift-protobuf.git",
        "state": {
          "branch": null,
          "revision": "e1904bf5a5f79cb7e0ff68a427a53a93b652fcd1",
          "version": "1.15.0"
        }
      },
      {
        "package": "swift-system",
        "repositoryURL": "https://github.com/apple/swift-system.git",
        "state": {
          "branch": null,
          "revision": "8ffa04c0a0592e6f4f9c30926dedd8fa1c5371f9",
          "version": "0.0.1"
        }
      }
    ]
  },
  "version": 1
}
