{
  "object": {
    "pins": [
      {
        "package": "SwiftProtobuf",
        "repositoryURL": "https://github.com/apple/swift-protobuf.git",
        "state": {
          "branch": null,
          "revision": "426bef0ddfdc6449b7bd1418baafad6bbc56110b",
          "version": "1.13.0"
        }
      }
    ]
  },
  "version": 1
}
